
Microsoft Visual Studio Solution File, Format Version 12.00
# Visual Studio Version 17
VisualStudioVersion = 17.1.32328.378
MinimumVisualStudioVersion = 10.0.40219.1
Project("{9A19103F-16F7-4668-BE54-9A1E7A4F7556}") = "Solvle.Domain", "Solvle.Domain\Solvle.Domain.csproj", "{31C2FBB5-2B4C-45ED-8484-70F446B094B4}"
EndProject
Project("{9A19103F-16F7-4668-BE54-9A1E7A4F7556}") = "Solvle.Tests", "Solvle.Tests\Solvle.Tests.csproj", "{384E1675-D0DF-426D-9B35-370EF5B7180F}"
EndProject
Project("{9A19103F-16F7-4668-BE54-9A1E7A4F7556}") = "Dashboard.Runner", "Dashboard.Runner\Dashboard.Runner.csproj", "{B2141A68-585F-441C-9D2F-A042C9E4150D}"
EndProject
Project("{930C7802-8A8C-48F9-8165-68863BCCD9DD}") = "Impulse.Installer", "Impulse.Installer\Impulse.Installer.wixproj", "{C61655B3-7A56-483D-8B73-432C55312E96}"
EndProject
Project("{9A19103F-16F7-4668-BE54-9A1E7A4F7556}") = "Solvle.Application", "Solvle.Application\Solvle.Application.csproj", "{2405EB63-F55D-48DD-B2EF-84534EBD66F3}"
EndProject
Global
	GlobalSection(SolutionConfigurationPlatforms) = preSolution
		Debug|Any CPU = Debug|Any CPU
		Debug|x64 = Debug|x64
		Release|Any CPU = Release|Any CPU
		Release|x64 = Release|x64
	EndGlobalSection
	GlobalSection(ProjectConfigurationPlatforms) = postSolution
		{31C2FBB5-2B4C-45ED-8484-70F446B094B4}.Debug|Any CPU.ActiveCfg = Debug|Any CPU
		{31C2FBB5-2B4C-45ED-8484-70F446B094B4}.Debug|Any CPU.Build.0 = Debug|Any CPU
		{31C2FBB5-2B4C-45ED-8484-70F446B094B4}.Debug|x64.ActiveCfg = Debug|Any CPU
		{31C2FBB5-2B4C-45ED-8484-70F446B094B4}.Debug|x64.Build.0 = Debug|Any CPU
		{31C2FBB5-2B4C-45ED-8484-70F446B094B4}.Release|Any CPU.ActiveCfg = Release|Any CPU
		{31C2FBB5-2B4C-45ED-8484-70F446B094B4}.Release|Any CPU.Build.0 = Release|Any CPU
		{31C2FBB5-2B4C-45ED-8484-70F446B094B4}.Release|x64.ActiveCfg = Release|Any CPU
		{31C2FBB5-2B4C-45ED-8484-70F446B094B4}.Release|x64.Build.0 = Release|Any CPU
		{384E1675-D0DF-426D-9B35-370EF5B7180F}.Debug|Any CPU.ActiveCfg = Debug|Any CPU
		{384E1675-D0DF-426D-9B35-370EF5B7180F}.Debug|Any CPU.Build.0 = Debug|Any CPU
		{384E1675-D0DF-426D-9B35-370EF5B7180F}.Debug|x64.ActiveCfg = Debug|Any CPU
		{384E1675-D0DF-426D-9B35-370EF5B7180F}.Debug|x64.Build.0 = Debug|Any CPU
		{384E1675-D0DF-426D-9B35-370EF5B7180F}.Release|Any CPU.ActiveCfg = Release|Any CPU
		{384E1675-D0DF-426D-9B35-370EF5B7180F}.Release|Any CPU.Build.0 = Release|Any CPU
		{384E1675-D0DF-426D-9B35-370EF5B7180F}.Release|x64.ActiveCfg = Release|Any CPU
		{384E1675-D0DF-426D-9B35-370EF5B7180F}.Release|x64.Build.0 = Release|Any CPU
		{B2141A68-585F-441C-9D2F-A042C9E4150D}.Debug|Any CPU.ActiveCfg = Debug|Any CPU
		{B2141A68-585F-441C-9D2F-A042C9E4150D}.Debug|Any CPU.Build.0 = Debug|Any CPU
		{B2141A68-585F-441C-9D2F-A042C9E4150D}.Debug|x64.ActiveCfg = Debug|Any CPU
		{B2141A68-585F-441C-9D2F-A042C9E4150D}.Debug|x64.Build.0 = Debug|Any CPU
		{B2141A68-585F-441C-9D2F-A042C9E4150D}.Release|Any CPU.ActiveCfg = Release|Any CPU
		{B2141A68-585F-441C-9D2F-A042C9E4150D}.Release|Any CPU.Build.0 = Release|Any CPU
		{B2141A68-585F-441C-9D2F-A042C9E4150D}.Release|x64.ActiveCfg = Release|Any CPU
		{B2141A68-585F-441C-9D2F-A042C9E4150D}.Release|x64.Build.0 = Release|Any CPU
		{C61655B3-7A56-483D-8B73-432C55312E96}.Debug|Any CPU.ActiveCfg = Debug|x64
		{C61655B3-7A56-483D-8B73-432C55312E96}.Debug|Any CPU.Build.0 = Debug|x64
		{C61655B3-7A56-483D-8B73-432C55312E96}.Debug|x64.ActiveCfg = Debug|x64
		{C61655B3-7A56-483D-8B73-432C55312E96}.Debug|x64.Build.0 = Debug|x64
		{C61655B3-7A56-483D-8B73-432C55312E96}.Release|Any CPU.ActiveCfg = Release|x64
		{C61655B3-7A56-483D-8B73-432C55312E96}.Release|Any CPU.Build.0 = Release|x64
		{C61655B3-7A56-483D-8B73-432C55312E96}.Release|x64.ActiveCfg = Release|x64
		{C61655B3-7A56-483D-8B73-432C55312E96}.Release|x64.Build.0 = Release|x64
		{2405EB63-F55D-48DD-B2EF-84534EBD66F3}.Debug|Any CPU.ActiveCfg = Debug|Any CPU
		{2405EB63-F55D-48DD-B2EF-84534EBD66F3}.Debug|Any CPU.Build.0 = Debug|Any CPU
		{2405EB63-F55D-48DD-B2EF-84534EBD66F3}.Debug|x64.ActiveCfg = Debug|Any CPU
		{2405EB63-F55D-48DD-B2EF-84534EBD66F3}.Debug|x64.Build.0 = Debug|Any CPU
		{2405EB63-F55D-48DD-B2EF-84534EBD66F3}.Release|Any CPU.ActiveCfg = Release|Any CPU
		{2405EB63-F55D-48DD-B2EF-84534EBD66F3}.Release|Any CPU.Build.0 = Release|Any CPU
		{2405EB63-F55D-48DD-B2EF-84534EBD66F3}.Release|x64.ActiveCfg = Release|Any CPU
		{2405EB63-F55D-48DD-B2EF-84534EBD66F3}.Release|x64.Build.0 = Release|Any CPU
	EndGlobalSection
	GlobalSection(SolutionProperties) = preSolution
		HideSolutionNode = FALSE
	EndGlobalSection
	GlobalSection(ExtensibilityGlobals) = postSolution
		SolutionGuid = {F843F625-2A5B-4426-ADF2-E58EA3C37CA4}
	EndGlobalSection
EndGlobal
